{
  "version": 4,
  "terraform_version": "1.3.6",
  "serial": 45,
  "lineage": "f2530c67-7751-7159-fc5a-b36a41b7f973",
  "outputs": {
    "arn_todos_usuarios": {
      "value": {
        "usuario-manuel": "arn:aws:iam::347731237915:user/usuario-manuel",
        "usuario-maria": "arn:aws:iam::347731237915:user/usuario-maria"
      },
      "type": [
        "object",
        {
          "usuario-manuel": "string",
          "usuario-maria": "string"
        }
      ]
    },
    "arn_usuario": {
      "value": "arn:aws:iam::347731237915:user/usuario-manuel",
      "type": "string"
    },
    "nombre_a_arn": {
      "value": {
        "usuario-manuel": "arn:aws:iam::347731237915:user/usuario-manuel",
        "usuario-maria": "arn:aws:iam::347731237915:user/usuario-maria"
      },
      "type": [
        "object",
        {
          "usuario-manuel": "string",
          "usuario-maria": "string"
        }
      ]
    }
  },
  "resources": [
    {
      "mode": "managed",
      "type": "aws_iam_user",
      "name": "ejemplo",
      "provider": "provider[\"registry.terraform.io/hashicorp/aws\"]",
      "instances": [
        {
          "index_key": "manuel",
          "schema_version": 0,
          "attributes": {
            "arn": "arn:aws:iam::347731237915:user/usuario-manuel",
            "force_destroy": false,
            "id": "usuario-manuel",
            "name": "usuario-manuel",
            "path": "/",
            "permissions_boundary": null,
            "tags": null,
            "tags_all": {},
            "unique_id": "AIDAVB5TFTQNSTMD72VT2"
          },
          "sensitive_attributes": [],
          "private": "bnVsbA=="
        },
        {
          "index_key": "maria",
          "schema_version": 0,
          "attributes": {
            "arn": "arn:aws:iam::347731237915:user/usuario-maria",
            "force_destroy": false,
            "id": "usuario-maria",
            "name": "usuario-maria",
            "path": "/",
            "permissions_boundary": null,
            "tags": null,
            "tags_all": {},
            "unique_id": "AIDAVB5TFTQN4LJ7J4KRX"
          },
          "sensitive_attributes": [],
          "private": "bnVsbA=="
        }
      ]
    }
  ],
  "check_results": null
}
